
Microsoft Visual Studio Solution File, Format Version 12.00
# Visual Studio Version 16
VisualStudioVersion = 16.0.30309.148
MinimumVisualStudioVersion = 10.0.40219.1
Project("{FAE04EC0-301F-11D3-BF4B-00C04F79EFBC}") = "CakeCalcForms", "WindowsFormsApp2\CakeCalcForms.csproj", "{1731B565-F9C8-44DA-B467-AE25B6FDF26D}"
EndProject
Global
	GlobalSection(SolutionConfigurationPlatforms) = preSolution
		Debug|Any CPU = Debug|Any CPU
		Release|Any CPU = Release|Any CPU
	EndGlobalSection
	GlobalSection(ProjectConfigurationPlatforms) = postSolution
		{1731B565-F9C8-44DA-B467-AE25B6FDF26D}.Debug|Any CPU.ActiveCfg = Debug|Any CPU
		{1731B565-F9C8-44DA-B467-AE25B6FDF26D}.Debug|Any CPU.Build.0 = Debug|Any CPU
		{1731B565-F9C8-44DA-B467-AE25B6FDF26D}.Release|Any CPU.ActiveCfg = Release|Any CPU
		{1731B565-F9C8-44DA-B467-AE25B6FDF26D}.Release|Any CPU.Build.0 = Release|Any CPU
	EndGlobalSection
	GlobalSection(SolutionProperties) = preSolution
		HideSolutionNode = FALSE
	EndGlobalSection
	GlobalSection(ExtensibilityGlobals) = postSolution
		SolutionGuid = {6722DAEA-E6A2-4714-9B8E-D9A7AEA385EA}
	EndGlobalSection
EndGlobal
